<?xml version="1.0" encoding="utf-8"?>
<Project ToolsVersion="4.0" xmlns="http://schemas.microsoft.com/developer/msbuild/2003">
  <ItemGroup>
    <Filter Include="Исходные файлы">
      <UniqueIdentifier>{4FC737F1-C7A5-4376-A066-2A32D752A2FF}</UniqueIdentifier>
      <Extensions>cpp;c;cc;cxx;c++;cppm;ixx;def;odl;idl;hpj;bat;asm;asmx</Extensions>
    </Filter>
    <Filter Include="Файлы заголовков">
      <UniqueIdentifier>{93995380-89BD-4b04-88EB-625FBE52EBFB}</UniqueIdentifier>
      <Extensions>h;hh;hpp;hxx;h++;hm;inl;inc;ipp;xsd</Extensions>
    </Filter>
    <Filter Include="Файлы ресурсов">
      <UniqueIdentifier>{67DA6AB6-F800-4c08-8B7A-83BB121AAD01}</UniqueIdentifier>
      <Extensions>rc;ico;cur;bmp;dlg;rc2;rct;bin;rgs;gif;jpg;jpeg;jpe;resx;tiff;tif;png;wav;mfcribbon-ms</Extensions>
    </Filter>
    <Filter Include="Исходные файлы\0. Обзор языка">
      <UniqueIdentifier>{72e7eef6-3950-41b4-a36a-5ac6e13e413b}</UniqueIdentifier>
    </Filter>
    <Filter Include="Исходные файлы\1. Указатели">
      <UniqueIdentifier>{dca4c75c-05ae-4ed1-9b2d-add88b052a57}</UniqueIdentifier>
    </Filter>
  </ItemGroup>
  <ItemGroup>
    <ClCompile Include="001. Сумма чисел.cpp">
      <Filter>Исходные файлы\0. Обзор языка</Filter>
    </ClCompile>
    <ClCompile Include="002. Номер подъезда и этажа.cpp">
      <Filter>Исходные файлы\0. Обзор языка</Filter>
    </ClCompile>
    <ClCompile Include="main.cpp">
      <Filter>Исходные файлы</Filter>
    </ClCompile>
    <ClCompile Include="003. Прикладная химия.cpp">
      <Filter>Исходные файлы\0. Обзор языка</Filter>
    </ClCompile>
    <ClCompile Include="004. Количество чисел по количеству пар.cpp">
      <Filter>Исходные файлы\0. Обзор языка</Filter>
    </ClCompile>
    <ClCompile Include="005. Расстояние между точками.cpp">
      <Filter>Исходные файлы\0. Обзор языка</Filter>
    </ClCompile>
    <ClCompile Include="006. Одинаковые цифры.cpp">
      <Filter>Исходные файлы\0. Обзор языка</Filter>
    </ClCompile>
    <ClCompile Include="007. Кирпич.cpp">
      <Filter>Исходные файлы\0. Обзор языка</Filter>
    </ClCompile>
    <ClCompile Include="008. Неравенство треугольника.cpp">
      <Filter>Исходные файлы\0. Обзор языка</Filter>
    </ClCompile>
    <ClCompile Include="009. Вася и работа.cpp">
      <Filter>Исходные файлы\0. Обзор языка</Filter>
    </ClCompile>
    <ClCompile Include="010. Ёлочка.cpp">
      <Filter>Исходные файлы\0. Обзор языка</Filter>
    </ClCompile>
    <ClCompile Include="011. Математическое выражение.cpp">
      <Filter>Исходные файлы\0. Обзор языка</Filter>
    </ClCompile>
    <ClCompile Include="012. Тернарная операция.cpp">
      <Filter>Исходные файлы\0. Обзор языка</Filter>
    </ClCompile>
    <ClCompile Include="013. Знакопеременная сумма.cpp">
      <Filter>Исходные файлы\0. Обзор языка</Filter>
    </ClCompile>
    <ClCompile Include="014. Степени пятёрки.cpp">
      <Filter>Исходные файлы\0. Обзор языка</Filter>
    </ClCompile>
    <ClCompile Include="015. Татьяна Ларина.cpp">
      <Filter>Исходные файлы\0. Обзор языка</Filter>
    </ClCompile>
    <ClCompile Include="016. Ближайшее простое число.cpp">
      <Filter>Исходные файлы\0. Обзор языка</Filter>
    </ClCompile>
    <ClCompile Include="017. Количество цифр в строке.cpp">
      <Filter>Исходные файлы\0. Обзор языка</Filter>
    </ClCompile>
    <ClCompile Include="018. Вставка символов в строку.cpp">
      <Filter>Исходные файлы\0. Обзор языка</Filter>
    </ClCompile>
    <ClCompile Include="019. Удаление лишних пробелов.cpp">
      <Filter>Исходные файлы\0. Обзор языка</Filter>
    </ClCompile>
    <ClCompile Include="020. Поиск букв.cpp">
      <Filter>Исходные файлы\0. Обзор языка</Filter>
    </ClCompile>
    <ClCompile Include="021. Второй максимум.cpp">
      <Filter>Исходные файлы\0. Обзор языка</Filter>
    </ClCompile>
    <ClCompile Include="022. Числа Фибоначчи из отрезка.cpp">
      <Filter>Исходные файлы\0. Обзор языка</Filter>
    </ClCompile>
    <ClCompile Include="023. Сумма на степенях двоек.cpp">
      <Filter>Исходные файлы\0. Обзор языка</Filter>
    </ClCompile>
    <ClCompile Include="024. Сумма между отрицательными.cpp">
      <Filter>Исходные файлы\0. Обзор языка</Filter>
    </ClCompile>
    <ClCompile Include="025. Сумма между отрицательными 2.cpp">
      <Filter>Исходные файлы\0. Обзор языка</Filter>
    </ClCompile>
    <ClCompile Include="026. Все вхождения в файле.cpp">
      <Filter>Исходные файлы\0. Обзор языка</Filter>
    </ClCompile>
    <ClCompile Include="027. Обрезка строк в файле.cpp">
      <Filter>Исходные файлы\0. Обзор языка</Filter>
    </ClCompile>
    <ClCompile Include="101. Работа с памятью.cpp">
      <Filter>Исходные файлы\1. Указатели</Filter>
    </ClCompile>
    <ClCompile Include="102. Внутреннее устройство типов данных.cpp">
      <Filter>Исходные файлы\1. Указатели</Filter>
    </ClCompile>
    <ClCompile Include="103. Исследование массивов.cpp">
      <Filter>Исходные файлы\1. Указатели</Filter>
    </ClCompile>
  </ItemGroup>
  <ItemGroup>
    <ClInclude Include="tasks_0.h">
      <Filter>Исходные файлы</Filter>
    </ClInclude>
    <ClInclude Include="tasks_1.h">
      <Filter>Исходные файлы</Filter>
    </ClInclude>
  </ItemGroup>
  <ItemGroup>
    <Text Include="out.txt">
      <Filter>Исходные файлы\0. Обзор языка</Filter>
    </Text>
    <Text Include="in.txt">
      <Filter>Исходные файлы\0. Обзор языка</Filter>
    </Text>
    <Text Include="in_2d.txt">
      <Filter>Исходные файлы\1. Указатели</Filter>
    </Text>
    <Text Include="in_1d.txt">
      <Filter>Исходные файлы\1. Указатели</Filter>
    </Text>
  </ItemGroup>
</Project>